// !$*UTF8*$!
{
	archiveVersion = 1;
	classes = {
	};
	objectVersion = 56;
	objects = {

/* Begin PBXBuildFile section */
		520497A42A371F4100F6E110 /* MessageKit in Frameworks */ = {isa = PBXBuildFile; productRef = 520497A32A371F4100F6E110 /* MessageKit */; };
		5256B4562A34BC9500CB1927 /* AppDelegate.swift in Sources */ = {isa = PBXBuildFile; fileRef = 5256B4552A34BC9500CB1927 /* AppDelegate.swift */; };
		5256B4582A34BC9500CB1927 /* SceneDelegate.swift in Sources */ = {isa = PBXBuildFile; fileRef = 5256B4572A34BC9500CB1927 /* SceneDelegate.swift */; };
		5256B45A2A34BC9500CB1927 /* MainViewController.swift in Sources */ = {isa = PBXBuildFile; fileRef = 5256B4592A34BC9500CB1927 /* MainViewController.swift */; };
		5256B45D2A34BC9500CB1927 /* Main.storyboard in Resources */ = {isa = PBXBuildFile; fileRef = 5256B45B2A34BC9500CB1927 /* Main.storyboard */; };
		5256B45F2A34BC9600CB1927 /* Assets.xcassets in Resources */ = {isa = PBXBuildFile; fileRef = 5256B45E2A34BC9600CB1927 /* Assets.xcassets */; };
		5256B4622A34BC9600CB1927 /* LaunchScreen.storyboard in Resources */ = {isa = PBXBuildFile; fileRef = 5256B4602A34BC9600CB1927 /* LaunchScreen.storyboard */; };
		5256B46B2A34BD0400CB1927 /* SnapKit in Frameworks */ = {isa = PBXBuildFile; productRef = 5256B46A2A34BD0400CB1927 /* SnapKit */; };
		5256B46E2A34BD1900CB1927 /* Extension+UIView.swift in Sources */ = {isa = PBXBuildFile; fileRef = 5256B46D2A34BD1900CB1927 /* Extension+UIView.swift */; };
		5282EC382A3619B5000F8B23 /* Gilroy-UltraLightItalic.ttf in Resources */ = {isa = PBXBuildFile; fileRef = 5282EC212A3619B5000F8B23 /* Gilroy-UltraLightItalic.ttf */; };
		5282EC392A3619B5000F8B23 /* Gilroy-Medium.ttf in Resources */ = {isa = PBXBuildFile; fileRef = 5282EC222A3619B5000F8B23 /* Gilroy-Medium.ttf */; };
		5282EC3A2A3619B5000F8B23 /* Gilroy-LightItalic.ttf in Resources */ = {isa = PBXBuildFile; fileRef = 5282EC232A3619B5000F8B23 /* Gilroy-LightItalic.ttf */; };
		5282EC3B2A3619B5000F8B23 /* Gilroy-ThinItalic.ttf in Resources */ = {isa = PBXBuildFile; fileRef = 5282EC242A3619B5000F8B23 /* Gilroy-ThinItalic.ttf */; };
		5282EC3C2A3619B5000F8B23 /* Gilroy-HeavyItalic.ttf in Resources */ = {isa = PBXBuildFile; fileRef = 5282EC252A3619B5000F8B23 /* Gilroy-HeavyItalic.ttf */; };
		5282EC3D2A3619B5000F8B23 /* Gilroy-BoldItalic.ttf in Resources */ = {isa = PBXBuildFile; fileRef = 5282EC262A3619B5000F8B23 /* Gilroy-BoldItalic.ttf */; };
		5282EC3E2A3619B5000F8B23 /* Gilroy-SemiBoldItalic.ttf in Resources */ = {isa = PBXBuildFile; fileRef = 5282EC272A3619B5000F8B23 /* Gilroy-SemiBoldItalic.ttf */; };
		5282EC3F2A3619B5000F8B23 /* Gilroy-RegularItalic.ttf in Resources */ = {isa = PBXBuildFile; fileRef = 5282EC282A3619B5000F8B23 /* Gilroy-RegularItalic.ttf */; };
		5282EC402A3619B5000F8B23 /* Gilroy-BlackItalic.ttf in Resources */ = {isa = PBXBuildFile; fileRef = 5282EC292A3619B5000F8B23 /* Gilroy-BlackItalic.ttf */; };
		5282EC412A3619B5000F8B23 /* Gilroy-Regular.ttf in Resources */ = {isa = PBXBuildFile; fileRef = 5282EC2A2A3619B5000F8B23 /* Gilroy-Regular.ttf */; };
		5282EC422A3619B5000F8B23 /* Gilroy-UltraLight.ttf in Resources */ = {isa = PBXBuildFile; fileRef = 5282EC2B2A3619B5000F8B23 /* Gilroy-UltraLight.ttf */; };
		5282EC432A3619B5000F8B23 /* Gilroy-Black.ttf in Resources */ = {isa = PBXBuildFile; fileRef = 5282EC2C2A3619B5000F8B23 /* Gilroy-Black.ttf */; };
		5282EC442A3619B5000F8B23 /* Gilroy-ExtraBold.ttf in Resources */ = {isa = PBXBuildFile; fileRef = 5282EC2D2A3619B5000F8B23 /* Gilroy-ExtraBold.ttf */; };
		5282EC452A3619B5000F8B23 /* Gilroy-MediumItalic.ttf in Resources */ = {isa = PBXBuildFile; fileRef = 5282EC2E2A3619B5000F8B23 /* Gilroy-MediumItalic.ttf */; };
		5282EC462A3619B5000F8B23 /* Gilroy-Light.ttf in Resources */ = {isa = PBXBuildFile; fileRef = 5282EC2F2A3619B5000F8B23 /* Gilroy-Light.ttf */; };
		5282EC472A3619B5000F8B23 /* Gilroy-Thin.ttf in Resources */ = {isa = PBXBuildFile; fileRef = 5282EC302A3619B5000F8B23 /* Gilroy-Thin.ttf */; };
		5282EC482A3619B5000F8B23 /* Gilroy-ExtraBoldItalic.ttf in Resources */ = {isa = PBXBuildFile; fileRef = 5282EC312A3619B5000F8B23 /* Gilroy-ExtraBoldItalic.ttf */; };
		5282EC492A3619B5000F8B23 /* Gilroy-SemiBold.ttf in Resources */ = {isa = PBXBuildFile; fileRef = 5282EC322A3619B5000F8B23 /* Gilroy-SemiBold.ttf */; };
		5282EC4A2A3619B5000F8B23 /* Gilroy-Bold.ttf in Resources */ = {isa = PBXBuildFile; fileRef = 5282EC332A3619B5000F8B23 /* Gilroy-Bold.ttf */; };
		5282EC4B2A3619B5000F8B23 /* More Free Fonts on fontshmonts.com.url in Resources */ = {isa = PBXBuildFile; fileRef = 5282EC342A3619B5000F8B23 /* More Free Fonts on fontshmonts.com.url */; };
		5282EC4C2A3619B5000F8B23 /* License.txt in Resources */ = {isa = PBXBuildFile; fileRef = 5282EC352A3619B5000F8B23 /* License.txt */; };
		5282EC4D2A3619B5000F8B23 /* Help - Guide Document.pdf in Resources */ = {isa = PBXBuildFile; fileRef = 5282EC362A3619B5000F8B23 /* Help - Guide Document.pdf */; };
		5282EC4E2A3619B5000F8B23 /* Gilroy-Heavy.ttf in Resources */ = {isa = PBXBuildFile; fileRef = 5282EC372A3619B5000F8B23 /* Gilroy-Heavy.ttf */; };
		5282EC532A3631F2000F8B23 /* ConversationViewController.swift in Sources */ = {isa = PBXBuildFile; fileRef = 5282EC522A3631F2000F8B23 /* ConversationViewController.swift */; };
		5282EC562A36375C000F8B23 /* NetworkConstant.swift in Sources */ = {isa = PBXBuildFile; fileRef = 5282EC552A36375C000F8B23 /* NetworkConstant.swift */; };
		5282EC582A363778000F8B23 /* ApiCaller.swift in Sources */ = {isa = PBXBuildFile; fileRef = 5282EC572A363778000F8B23 /* ApiCaller.swift */; };
		52CBFA872A38738A00E8F2F7 /* Extension+UIButton.swift in Sources */ = {isa = PBXBuildFile; fileRef = 52CBFA862A38738A00E8F2F7 /* Extension+UIButton.swift */; };
		52F7D98F2A3B065300F63AA6 /* Extension+UILabel.swift in Sources */ = {isa = PBXBuildFile; fileRef = 52F7D98E2A3B065300F63AA6 /* Extension+UILabel.swift */; };
		52F7D9932A3B322800F63AA6 /* ResultTextView.swift in Sources */ = {isa = PBXBuildFile; fileRef = 52F7D9922A3B322800F63AA6 /* ResultTextView.swift */; };
		52F7D9952A3B33F500F63AA6 /* ConvertedTextView.swift in Sources */ = {isa = PBXBuildFile; fileRef = 52F7D9942A3B33F500F63AA6 /* ConvertedTextView.swift */; };
/* End PBXBuildFile section */

/* Begin PBXFileReference section */
		5256B4522A34BC9500CB1927 /* OmerTranslateApp.app */ = {isa = PBXFileReference; explicitFileType = wrapper.application; includeInIndex = 0; path = OmerTranslateApp.app; sourceTree = BUILT_PRODUCTS_DIR; };
		5256B4552A34BC9500CB1927 /* AppDelegate.swift */ = {isa = PBXFileReference; lastKnownFileType = sourcecode.swift; path = AppDelegate.swift; sourceTree = "<group>"; };
		5256B4572A34BC9500CB1927 /* SceneDelegate.swift */ = {isa = PBXFileReference; lastKnownFileType = sourcecode.swift; path = SceneDelegate.swift; sourceTree = "<group>"; };
		5256B4592A34BC9500CB1927 /* MainViewController.swift */ = {isa = PBXFileReference; lastKnownFileType = sourcecode.swift; path = MainViewController.swift; sourceTree = "<group>"; xcLanguageSpecificationIdentifier = xcode.lang.swift; };
		5256B45C2A34BC9500CB1927 /* Base */ = {isa = PBXFileReference; lastKnownFileType = file.storyboard; name = Base; path = Base.lproj/Main.storyboard; sourceTree = "<group>"; };
		5256B45E2A34BC9600CB1927 /* Assets.xcassets */ = {isa = PBXFileReference; lastKnownFileType = folder.assetcatalog; path = Assets.xcassets; sourceTree = "<group>"; };
		5256B4612A34BC9600CB1927 /* Base */ = {isa = PBXFileReference; lastKnownFileType = file.storyboard; name = Base; path = Base.lproj/LaunchScreen.storyboard; sourceTree = "<group>"; };
		5256B4632A34BC9600CB1927 /* Info.plist */ = {isa = PBXFileReference; lastKnownFileType = text.plist.xml; path = Info.plist; sourceTree = "<group>"; };
		5256B46D2A34BD1900CB1927 /* Extension+UIView.swift */ = {isa = PBXFileReference; lastKnownFileType = sourcecode.swift; path = "Extension+UIView.swift"; sourceTree = "<group>"; };
		5282EC212A3619B5000F8B23 /* Gilroy-UltraLightItalic.ttf */ = {isa = PBXFileReference; lastKnownFileType = file; path = "Gilroy-UltraLightItalic.ttf"; sourceTree = "<group>"; };
		5282EC222A3619B5000F8B23 /* Gilroy-Medium.ttf */ = {isa = PBXFileReference; lastKnownFileType = file; path = "Gilroy-Medium.ttf"; sourceTree = "<group>"; };
		5282EC232A3619B5000F8B23 /* Gilroy-LightItalic.ttf */ = {isa = PBXFileReference; lastKnownFileType = file; path = "Gilroy-LightItalic.ttf"; sourceTree = "<group>"; };
		5282EC242A3619B5000F8B23 /* Gilroy-ThinItalic.ttf */ = {isa = PBXFileReference; lastKnownFileType = file; path = "Gilroy-ThinItalic.ttf"; sourceTree = "<group>"; };
		5282EC252A3619B5000F8B23 /* Gilroy-HeavyItalic.ttf */ = {isa = PBXFileReference; lastKnownFileType = file; path = "Gilroy-HeavyItalic.ttf"; sourceTree = "<group>"; };
		5282EC262A3619B5000F8B23 /* Gilroy-BoldItalic.ttf */ = {isa = PBXFileReference; lastKnownFileType = file; path = "Gilroy-BoldItalic.ttf"; sourceTree = "<group>"; };
		5282EC272A3619B5000F8B23 /* Gilroy-SemiBoldItalic.ttf */ = {isa = PBXFileReference; lastKnownFileType = file; path = "Gilroy-SemiBoldItalic.ttf"; sourceTree = "<group>"; };
		5282EC282A3619B5000F8B23 /* Gilroy-RegularItalic.ttf */ = {isa = PBXFileReference; lastKnownFileType = file; path = "Gilroy-RegularItalic.ttf"; sourceTree = "<group>"; };
		5282EC292A3619B5000F8B23 /* Gilroy-BlackItalic.ttf */ = {isa = PBXFileReference; lastKnownFileType = file; path = "Gilroy-BlackItalic.ttf"; sourceTree = "<group>"; };
		5282EC2A2A3619B5000F8B23 /* Gilroy-Regular.ttf */ = {isa = PBXFileReference; lastKnownFileType = file; path = "Gilroy-Regular.ttf"; sourceTree = "<group>"; };
		5282EC2B2A3619B5000F8B23 /* Gilroy-UltraLight.ttf */ = {isa = PBXFileReference; lastKnownFileType = file; path = "Gilroy-UltraLight.ttf"; sourceTree = "<group>"; };
		5282EC2C2A3619B5000F8B23 /* Gilroy-Black.ttf */ = {isa = PBXFileReference; lastKnownFileType = file; path = "Gilroy-Black.ttf"; sourceTree = "<group>"; };
		5282EC2D2A3619B5000F8B23 /* Gilroy-ExtraBold.ttf */ = {isa = PBXFileReference; lastKnownFileType = file; path = "Gilroy-ExtraBold.ttf"; sourceTree = "<group>"; };
		5282EC2E2A3619B5000F8B23 /* Gilroy-MediumItalic.ttf */ = {isa = PBXFileReference; lastKnownFileType = file; path = "Gilroy-MediumItalic.ttf"; sourceTree = "<group>"; };
		5282EC2F2A3619B5000F8B23 /* Gilroy-Light.ttf */ = {isa = PBXFileReference; lastKnownFileType = file; path = "Gilroy-Light.ttf"; sourceTree = "<group>"; };
		5282EC302A3619B5000F8B23 /* Gilroy-Thin.ttf */ = {isa = PBXFileReference; lastKnownFileType = file; path = "Gilroy-Thin.ttf"; sourceTree = "<group>"; };
		5282EC312A3619B5000F8B23 /* Gilroy-ExtraBoldItalic.ttf */ = {isa = PBXFileReference; lastKnownFileType = file; path = "Gilroy-ExtraBoldItalic.ttf"; sourceTree = "<group>"; };
		5282EC322A3619B5000F8B23 /* Gilroy-SemiBold.ttf */ = {isa = PBXFileReference; lastKnownFileType = file; path = "Gilroy-SemiBold.ttf"; sourceTree = "<group>"; };
		5282EC332A3619B5000F8B23 /* Gilroy-Bold.ttf */ = {isa = PBXFileReference; lastKnownFileType = file; path = "Gilroy-Bold.ttf"; sourceTree = "<group>"; };
		5282EC342A3619B5000F8B23 /* More Free Fonts on fontshmonts.com.url */ = {isa = PBXFileReference; fileEncoding = 4; lastKnownFileType = text; path = "More Free Fonts on fontshmonts.com.url"; sourceTree = "<group>"; };
		5282EC352A3619B5000F8B23 /* License.txt */ = {isa = PBXFileReference; fileEncoding = 4; lastKnownFileType = text; path = License.txt; sourceTree = "<group>"; };
		5282EC362A3619B5000F8B23 /* Help - Guide Document.pdf */ = {isa = PBXFileReference; lastKnownFileType = image.pdf; path = "Help - Guide Document.pdf"; sourceTree = "<group>"; };
		5282EC372A3619B5000F8B23 /* Gilroy-Heavy.ttf */ = {isa = PBXFileReference; lastKnownFileType = file; path = "Gilroy-Heavy.ttf"; sourceTree = "<group>"; };
		5282EC522A3631F2000F8B23 /* ConversationViewController.swift */ = {isa = PBXFileReference; lastKnownFileType = sourcecode.swift; path = ConversationViewController.swift; sourceTree = "<group>"; };
		5282EC552A36375C000F8B23 /* NetworkConstant.swift */ = {isa = PBXFileReference; lastKnownFileType = sourcecode.swift; path = NetworkConstant.swift; sourceTree = "<group>"; };
		5282EC572A363778000F8B23 /* ApiCaller.swift */ = {isa = PBXFileReference; lastKnownFileType = sourcecode.swift; path = ApiCaller.swift; sourceTree = "<group>"; };
		52CBFA862A38738A00E8F2F7 /* Extension+UIButton.swift */ = {isa = PBXFileReference; lastKnownFileType = sourcecode.swift; path = "Extension+UIButton.swift"; sourceTree = "<group>"; };
		52F7D98E2A3B065300F63AA6 /* Extension+UILabel.swift */ = {isa = PBXFileReference; lastKnownFileType = sourcecode.swift; path = "Extension+UILabel.swift"; sourceTree = "<group>"; };
		52F7D9922A3B322800F63AA6 /* ResultTextView.swift */ = {isa = PBXFileReference; lastKnownFileType = sourcecode.swift; path = ResultTextView.swift; sourceTree = "<group>"; };
		52F7D9942A3B33F500F63AA6 /* ConvertedTextView.swift */ = {isa = PBXFileReference; lastKnownFileType = sourcecode.swift; path = ConvertedTextView.swift; sourceTree = "<group>"; };
/* End PBXFileReference section */

/* Begin PBXFrameworksBuildPhase section */
		5256B44F2A34BC9500CB1927 /* Frameworks */ = {
			isa = PBXFrameworksBuildPhase;
			buildActionMask = 2147483647;
			files = (
				5256B46B2A34BD0400CB1927 /* SnapKit in Frameworks */,
				520497A42A371F4100F6E110 /* MessageKit in Frameworks */,
			);
			runOnlyForDeploymentPostprocessing = 0;
		};
/* End PBXFrameworksBuildPhase section */

/* Begin PBXGroup section */
		5256B4492A34BC9500CB1927 = {
			isa = PBXGroup;
			children = (
				5256B4542A34BC9500CB1927 /* OmerTranslateApp */,
				5256B4532A34BC9500CB1927 /* Products */,
			);
			sourceTree = "<group>";
		};
		5256B4532A34BC9500CB1927 /* Products */ = {
			isa = PBXGroup;
			children = (
				5256B4522A34BC9500CB1927 /* OmerTranslateApp.app */,
			);
			name = Products;
			sourceTree = "<group>";
		};
		5256B4542A34BC9500CB1927 /* OmerTranslateApp */ = {
			isa = PBXGroup;
			children = (
				52F7D98D2A3B05A900F63AA6 /* Resources */,
				5256B46C2A34BD0E00CB1927 /* Extensions */,
				5282EC542A363747000F8B23 /* NetworkingManager */,
				52F7D9902A3B31A000F63AA6 /* Controllers */,
				52F7D9912A3B31DE00F63AA6 /* View */,
				5256B4552A34BC9500CB1927 /* AppDelegate.swift */,
				5256B4572A34BC9500CB1927 /* SceneDelegate.swift */,
				5256B45B2A34BC9500CB1927 /* Main.storyboard */,
				5256B4602A34BC9600CB1927 /* LaunchScreen.storyboard */,
				5256B4632A34BC9600CB1927 /* Info.plist */,
			);
			path = OmerTranslateApp;
			sourceTree = "<group>";
		};
		5256B46C2A34BD0E00CB1927 /* Extensions */ = {
			isa = PBXGroup;
			children = (
				5256B46D2A34BD1900CB1927 /* Extension+UIView.swift */,
				52CBFA862A38738A00E8F2F7 /* Extension+UIButton.swift */,
				52F7D98E2A3B065300F63AA6 /* Extension+UILabel.swift */,
			);
			path = Extensions;
			sourceTree = "<group>";
		};
		5282EC202A3619B5000F8B23 /* Fonts */ = {
			isa = PBXGroup;
			children = (
				5282EC212A3619B5000F8B23 /* Gilroy-UltraLightItalic.ttf */,
				5282EC222A3619B5000F8B23 /* Gilroy-Medium.ttf */,
				5282EC232A3619B5000F8B23 /* Gilroy-LightItalic.ttf */,
				5282EC242A3619B5000F8B23 /* Gilroy-ThinItalic.ttf */,
				5282EC252A3619B5000F8B23 /* Gilroy-HeavyItalic.ttf */,
				5282EC262A3619B5000F8B23 /* Gilroy-BoldItalic.ttf */,
				5282EC272A3619B5000F8B23 /* Gilroy-SemiBoldItalic.ttf */,
				5282EC282A3619B5000F8B23 /* Gilroy-RegularItalic.ttf */,
				5282EC292A3619B5000F8B23 /* Gilroy-BlackItalic.ttf */,
				5282EC2A2A3619B5000F8B23 /* Gilroy-Regular.ttf */,
				5282EC2B2A3619B5000F8B23 /* Gilroy-UltraLight.ttf */,
				5282EC2C2A3619B5000F8B23 /* Gilroy-Black.ttf */,
				5282EC2D2A3619B5000F8B23 /* Gilroy-ExtraBold.ttf */,
				5282EC2E2A3619B5000F8B23 /* Gilroy-MediumItalic.ttf */,
				5282EC2F2A3619B5000F8B23 /* Gilroy-Light.ttf */,
				5282EC302A3619B5000F8B23 /* Gilroy-Thin.ttf */,
				5282EC312A3619B5000F8B23 /* Gilroy-ExtraBoldItalic.ttf */,
				5282EC322A3619B5000F8B23 /* Gilroy-SemiBold.ttf */,
				5282EC332A3619B5000F8B23 /* Gilroy-Bold.ttf */,
				5282EC342A3619B5000F8B23 /* More Free Fonts on fontshmonts.com.url */,
				5282EC352A3619B5000F8B23 /* License.txt */,
				5282EC362A3619B5000F8B23 /* Help - Guide Document.pdf */,
				5282EC372A3619B5000F8B23 /* Gilroy-Heavy.ttf */,
			);
			path = Fonts;
			sourceTree = "<group>";
		};
		5282EC4F2A3630DB000F8B23 /* ConversationVC */ = {
			isa = PBXGroup;
			children = (
				5282EC522A3631F2000F8B23 /* ConversationViewController.swift */,
			);
			path = ConversationVC;
			sourceTree = "<group>";
		};
		5282EC542A363747000F8B23 /* NetworkingManager */ = {
			isa = PBXGroup;
			children = (
				5282EC552A36375C000F8B23 /* NetworkConstant.swift */,
				5282EC572A363778000F8B23 /* ApiCaller.swift */,
			);
			path = NetworkingManager;
			sourceTree = "<group>";
		};
		529C3A8C2A3A0AFC00C952D1 /* MainVC */ = {
			isa = PBXGroup;
			children = (
				5256B4592A34BC9500CB1927 /* MainViewController.swift */,
			);
			path = MainVC;
			sourceTree = "<group>";
		};
		52F7D98D2A3B05A900F63AA6 /* Resources */ = {
			isa = PBXGroup;
			children = (
				5282EC202A3619B5000F8B23 /* Fonts */,
				5256B45E2A34BC9600CB1927 /* Assets.xcassets */,
			);
			path = Resources;
			sourceTree = "<group>";
		};
		52F7D9902A3B31A000F63AA6 /* Controllers */ = {
			isa = PBXGroup;
			children = (
				529C3A8C2A3A0AFC00C952D1 /* MainVC */,
				5282EC4F2A3630DB000F8B23 /* ConversationVC */,
			);
			path = Controllers;
			sourceTree = "<group>";
		};
		52F7D9912A3B31DE00F63AA6 /* View */ = {
			isa = PBXGroup;
			children = (
				52F7D9922A3B322800F63AA6 /* ResultTextView.swift */,
				52F7D9942A3B33F500F63AA6 /* ConvertedTextView.swift */,
			);
			path = View;
			sourceTree = "<group>";
		};
/* End PBXGroup section */

/* Begin PBXNativeTarget section */
		5256B4512A34BC9500CB1927 /* OmerTranslateApp */ = {
			isa = PBXNativeTarget;
			buildConfigurationList = 5256B4662A34BC9600CB1927 /* Build configuration list for PBXNativeTarget "OmerTranslateApp" */;
			buildPhases = (
				5256B44E2A34BC9500CB1927 /* Sources */,
				5256B44F2A34BC9500CB1927 /* Frameworks */,
				5256B4502A34BC9500CB1927 /* Resources */,
			);
			buildRules = (
			);
			dependencies = (
			);
			name = OmerTranslateApp;
			packageProductDependencies = (
				5256B46A2A34BD0400CB1927 /* SnapKit */,
				520497A32A371F4100F6E110 /* MessageKit */,
			);
			productName = OmerTranslateApp;
			productReference = 5256B4522A34BC9500CB1927 /* OmerTranslateApp.app */;
			productType = "com.apple.product-type.application";
		};
/* End PBXNativeTarget section */

/* Begin PBXProject section */
		5256B44A2A34BC9500CB1927 /* Project object */ = {
			isa = PBXProject;
			attributes = {
				BuildIndependentTargetsInParallel = 1;
				LastSwiftUpdateCheck = 1430;
				LastUpgradeCheck = 1430;
				TargetAttributes = {
					5256B4512A34BC9500CB1927 = {
						CreatedOnToolsVersion = 14.3;
					};
				};
			};
			buildConfigurationList = 5256B44D2A34BC9500CB1927 /* Build configuration list for PBXProject "OmerTranslateApp" */;
			compatibilityVersion = "Xcode 14.0";
			developmentRegion = en;
			hasScannedForEncodings = 0;
			knownRegions = (
				en,
				Base,
			);
			mainGroup = 5256B4492A34BC9500CB1927;
			packageReferences = (
				5256B4692A34BD0400CB1927 /* XCRemoteSwiftPackageReference "SnapKit" */,
				520497A22A371F4100F6E110 /* XCRemoteSwiftPackageReference "MessageKit" */,
			);
			productRefGroup = 5256B4532A34BC9500CB1927 /* Products */;
			projectDirPath = "";
			projectRoot = "";
			targets = (
				5256B4512A34BC9500CB1927 /* OmerTranslateApp */,
			);
		};
/* End PBXProject section */

/* Begin PBXResourcesBuildPhase section */
		5256B4502A34BC9500CB1927 /* Resources */ = {
			isa = PBXResourcesBuildPhase;
			buildActionMask = 2147483647;
			files = (
				5282EC3C2A3619B5000F8B23 /* Gilroy-HeavyItalic.ttf in Resources */,
				5282EC3E2A3619B5000F8B23 /* Gilroy-SemiBoldItalic.ttf in Resources */,
				5282EC412A3619B5000F8B23 /* Gilroy-Regular.ttf in Resources */,
				5282EC4A2A3619B5000F8B23 /* Gilroy-Bold.ttf in Resources */,
				5282EC452A3619B5000F8B23 /* Gilroy-MediumItalic.ttf in Resources */,
				5282EC492A3619B5000F8B23 /* Gilroy-SemiBold.ttf in Resources */,
				5282EC432A3619B5000F8B23 /* Gilroy-Black.ttf in Resources */,
				5282EC382A3619B5000F8B23 /* Gilroy-UltraLightItalic.ttf in Resources */,
				5282EC4E2A3619B5000F8B23 /* Gilroy-Heavy.ttf in Resources */,
				5256B4622A34BC9600CB1927 /* LaunchScreen.storyboard in Resources */,
				5282EC402A3619B5000F8B23 /* Gilroy-BlackItalic.ttf in Resources */,
				5282EC422A3619B5000F8B23 /* Gilroy-UltraLight.ttf in Resources */,
				5282EC442A3619B5000F8B23 /* Gilroy-ExtraBold.ttf in Resources */,
				5282EC4B2A3619B5000F8B23 /* More Free Fonts on fontshmonts.com.url in Resources */,
				5282EC3B2A3619B5000F8B23 /* Gilroy-ThinItalic.ttf in Resources */,
				5282EC472A3619B5000F8B23 /* Gilroy-Thin.ttf in Resources */,
				5282EC482A3619B5000F8B23 /* Gilroy-ExtraBoldItalic.ttf in Resources */,
				5282EC392A3619B5000F8B23 /* Gilroy-Medium.ttf in Resources */,
				5256B45F2A34BC9600CB1927 /* Assets.xcassets in Resources */,
				5282EC3F2A3619B5000F8B23 /* Gilroy-RegularItalic.ttf in Resources */,
				5282EC4D2A3619B5000F8B23 /* Help - Guide Document.pdf in Resources */,
				5256B45D2A34BC9500CB1927 /* Main.storyboard in Resources */,
				5282EC4C2A3619B5000F8B23 /* License.txt in Resources */,
				5282EC462A3619B5000F8B23 /* Gilroy-Light.ttf in Resources */,
				5282EC3A2A3619B5000F8B23 /* Gilroy-LightItalic.ttf in Resources */,
				5282EC3D2A3619B5000F8B23 /* Gilroy-BoldItalic.ttf in Resources */,
			);
			runOnlyForDeploymentPostprocessing = 0;
		};
/* End PBXResourcesBuildPhase section */

/* Begin PBXSourcesBuildPhase section */
		5256B44E2A34BC9500CB1927 /* Sources */ = {
			isa = PBXSourcesBuildPhase;
			buildActionMask = 2147483647;
			files = (
				5256B45A2A34BC9500CB1927 /* MainViewController.swift in Sources */,
				5256B4562A34BC9500CB1927 /* AppDelegate.swift in Sources */,
				5282EC532A3631F2000F8B23 /* ConversationViewController.swift in Sources */,
				5256B46E2A34BD1900CB1927 /* Extension+UIView.swift in Sources */,
				5282EC562A36375C000F8B23 /* NetworkConstant.swift in Sources */,
				5256B4582A34BC9500CB1927 /* SceneDelegate.swift in Sources */,
				52F7D9932A3B322800F63AA6 /* ResultTextView.swift in Sources */,
				52F7D98F2A3B065300F63AA6 /* Extension+UILabel.swift in Sources */,
				5282EC582A363778000F8B23 /* ApiCaller.swift in Sources */,
				52CBFA872A38738A00E8F2F7 /* Extension+UIButton.swift in Sources */,
				52F7D9952A3B33F500F63AA6 /* ConvertedTextView.swift in Sources */,
			);
			runOnlyForDeploymentPostprocessing = 0;
		};
/* End PBXSourcesBuildPhase section */

/* Begin PBXVariantGroup section */
		5256B45B2A34BC9500CB1927 /* Main.storyboard */ = {
			isa = PBXVariantGroup;
			children = (
				5256B45C2A34BC9500CB1927 /* Base */,
			);
			name = Main.storyboard;
			sourceTree = "<group>";
		};
		5256B4602A34BC9600CB1927 /* LaunchScreen.storyboard */ = {
			isa = PBXVariantGroup;
			children = (
				5256B4612A34BC9600CB1927 /* Base */,
			);
			name = LaunchScreen.storyboard;
			sourceTree = "<group>";
		};
/* End PBXVariantGroup section */

/* Begin XCBuildConfiguration section */
		5256B4642A34BC9600CB1927 /* Debug */ = {
			isa = XCBuildConfiguration;
			buildSettings = {
				ALWAYS_SEARCH_USER_PATHS = NO;
				CLANG_ANALYZER_NONNULL = YES;
				CLANG_ANALYZER_NUMBER_OBJECT_CONVERSION = YES_AGGRESSIVE;
				CLANG_CXX_LANGUAGE_STANDARD = "gnu++20";
				CLANG_ENABLE_MODULES = YES;
				CLANG_ENABLE_OBJC_ARC = YES;
				CLANG_ENABLE_OBJC_WEAK = YES;
				CLANG_WARN_BLOCK_CAPTURE_AUTORELEASING = YES;
				CLANG_WARN_BOOL_CONVERSION = YES;
				CLANG_WARN_COMMA = YES;
				CLANG_WARN_CONSTANT_CONVERSION = YES;
				CLANG_WARN_DEPRECATED_OBJC_IMPLEMENTATIONS = YES;
				CLANG_WARN_DIRECT_OBJC_ISA_USAGE = YES_ERROR;
				CLANG_WARN_DOCUMENTATION_COMMENTS = YES;
				CLANG_WARN_EMPTY_BODY = YES;
				CLANG_WARN_ENUM_CONVERSION = YES;
				CLANG_WARN_INFINITE_RECURSION = YES;
				CLANG_WARN_INT_CONVERSION = YES;
				CLANG_WARN_NON_LITERAL_NULL_CONVERSION = YES;
				CLANG_WARN_OBJC_IMPLICIT_RETAIN_SELF = YES;
				CLANG_WARN_OBJC_LITERAL_CONVERSION = YES;
				CLANG_WARN_OBJC_ROOT_CLASS = YES_ERROR;
				CLANG_WARN_QUOTED_INCLUDE_IN_FRAMEWORK_HEADER = YES;
				CLANG_WARN_RANGE_LOOP_ANALYSIS = YES;
				CLANG_WARN_STRICT_PROTOTYPES = YES;
				CLANG_WARN_SUSPICIOUS_MOVE = YES;
				CLANG_WARN_UNGUARDED_AVAILABILITY = YES_AGGRESSIVE;
				CLANG_WARN_UNREACHABLE_CODE = YES;
				CLANG_WARN__DUPLICATE_METHOD_MATCH = YES;
				COPY_PHASE_STRIP = NO;
				DEBUG_INFORMATION_FORMAT = dwarf;
				ENABLE_STRICT_OBJC_MSGSEND = YES;
				ENABLE_TESTABILITY = YES;
				GCC_C_LANGUAGE_STANDARD = gnu11;
				GCC_DYNAMIC_NO_PIC = NO;
				GCC_NO_COMMON_BLOCKS = YES;
				GCC_OPTIMIZATION_LEVEL = 0;
				GCC_PREPROCESSOR_DEFINITIONS = (
					"DEBUG=1",
					"$(inherited)",
				);
				GCC_WARN_64_TO_32_BIT_CONVERSION = YES;
				GCC_WARN_ABOUT_RETURN_TYPE = YES_ERROR;
				GCC_WARN_UNDECLARED_SELECTOR = YES;
				GCC_WARN_UNINITIALIZED_AUTOS = YES_AGGRESSIVE;
				GCC_WARN_UNUSED_FUNCTION = YES;
				GCC_WARN_UNUSED_VARIABLE = YES;
				IPHONEOS_DEPLOYMENT_TARGET = 15.0;
				MTL_ENABLE_DEBUG_INFO = INCLUDE_SOURCE;
				MTL_FAST_MATH = YES;
				ONLY_ACTIVE_ARCH = YES;
				SDKROOT = iphoneos;
				SWIFT_ACTIVE_COMPILATION_CONDITIONS = DEBUG;
				SWIFT_OPTIMIZATION_LEVEL = "-Onone";
			};
			name = Debug;
		};
		5256B4652A34BC9600CB1927 /* Release */ = {
			isa = XCBuildConfiguration;
			buildSettings = {
				ALWAYS_SEARCH_USER_PATHS = NO;
				CLANG_ANALYZER_NONNULL = YES;
				CLANG_ANALYZER_NUMBER_OBJECT_CONVERSION = YES_AGGRESSIVE;
				CLANG_CXX_LANGUAGE_STANDARD = "gnu++20";
				CLANG_ENABLE_MODULES = YES;
				CLANG_ENABLE_OBJC_ARC = YES;
				CLANG_ENABLE_OBJC_WEAK = YES;
				CLANG_WARN_BLOCK_CAPTURE_AUTORELEASING = YES;
				CLANG_WARN_BOOL_CONVERSION = YES;
				CLANG_WARN_COMMA = YES;
				CLANG_WARN_CONSTANT_CONVERSION = YES;
				CLANG_WARN_DEPRECATED_OBJC_IMPLEMENTATIONS = YES;
				CLANG_WARN_DIRECT_OBJC_ISA_USAGE = YES_ERROR;
				CLANG_WARN_DOCUMENTATION_COMMENTS = YES;
				CLANG_WARN_EMPTY_BODY = YES;
				CLANG_WARN_ENUM_CONVERSION = YES;
				CLANG_WARN_INFINITE_RECURSION = YES;
				CLANG_WARN_INT_CONVERSION = YES;
				CLANG_WARN_NON_LITERAL_NULL_CONVERSION = YES;
				CLANG_WARN_OBJC_IMPLICIT_RETAIN_SELF = YES;
				CLANG_WARN_OBJC_LITERAL_CONVERSION = YES;
				CLANG_WARN_OBJC_ROOT_CLASS = YES_ERROR;
				CLANG_WARN_QUOTED_INCLUDE_IN_FRAMEWORK_HEADER = YES;
				CLANG_WARN_RANGE_LOOP_ANALYSIS = YES;
				CLANG_WARN_STRICT_PROTOTYPES = YES;
				CLANG_WARN_SUSPICIOUS_MOVE = YES;
				CLANG_WARN_UNGUARDED_AVAILABILITY = YES_AGGRESSIVE;
				CLANG_WARN_UNREACHABLE_CODE = YES;
				CLANG_WARN__DUPLICATE_METHOD_MATCH = YES;
				COPY_PHASE_STRIP = NO;
				DEBUG_INFORMATION_FORMAT = "dwarf-with-dsym";
				ENABLE_NS_ASSERTIONS = NO;
				ENABLE_STRICT_OBJC_MSGSEND = YES;
				GCC_C_LANGUAGE_STANDARD = gnu11;
				GCC_NO_COMMON_BLOCKS = YES;
				GCC_WARN_64_TO_32_BIT_CONVERSION = YES;
				GCC_WARN_ABOUT_RETURN_TYPE = YES_ERROR;
				GCC_WARN_UNDECLARED_SELECTOR = YES;
				GCC_WARN_UNINITIALIZED_AUTOS = YES_AGGRESSIVE;
				GCC_WARN_UNUSED_FUNCTION = YES;
				GCC_WARN_UNUSED_VARIABLE = YES;
				IPHONEOS_DEPLOYMENT_TARGET = 15.0;
				MTL_ENABLE_DEBUG_INFO = NO;
				MTL_FAST_MATH = YES;
				SDKROOT = iphoneos;
				SWIFT_COMPILATION_MODE = wholemodule;
				SWIFT_OPTIMIZATION_LEVEL = "-O";
				VALIDATE_PRODUCT = YES;
			};
			name = Release;
		};
		5256B4672A34BC9600CB1927 /* Debug */ = {
			isa = XCBuildConfiguration;
			buildSettings = {
				ASSETCATALOG_COMPILER_APPICON_NAME = AppIcon;
				ASSETCATALOG_COMPILER_GLOBAL_ACCENT_COLOR_NAME = AccentColor;
				CODE_SIGN_STYLE = Automatic;
				CURRENT_PROJECT_VERSION = 1;
				DEVELOPMENT_TEAM = M84T2Z2B4Q;
				GENERATE_INFOPLIST_FILE = YES;
				INFOPLIST_FILE = OmerTranslateApp/Info.plist;
				INFOPLIST_KEY_UIApplicationSupportsIndirectInputEvents = YES;
				INFOPLIST_KEY_UILaunchStoryboardName = LaunchScreen;
				INFOPLIST_KEY_UIMainStoryboardFile = Main;
				INFOPLIST_KEY_UISupportedInterfaceOrientations_iPad = "UIInterfaceOrientationPortrait UIInterfaceOrientationPortraitUpsideDown UIInterfaceOrientationLandscapeLeft UIInterfaceOrientationLandscapeRight";
				INFOPLIST_KEY_UISupportedInterfaceOrientations_iPhone = "UIInterfaceOrientationPortrait UIInterfaceOrientationLandscapeLeft UIInterfaceOrientationLandscapeRight";
				IPHONEOS_DEPLOYMENT_TARGET = 15.0;
				LD_RUNPATH_SEARCH_PATHS = (
					"$(inherited)",
					"@executable_path/Frameworks",
				);
				MARKETING_VERSION = 1.0;
				PRODUCT_BUNDLE_IDENTIFIER = com.omernayir.OmerTranslateApp;
				PRODUCT_NAME = "$(TARGET_NAME)";
				SUPPORTED_PLATFORMS = "iphoneos iphonesimulator";
				SUPPORTS_MACCATALYST = NO;
				SUPPORTS_MAC_DESIGNED_FOR_IPHONE_IPAD = NO;
				SWIFT_EMIT_LOC_STRINGS = YES;
				SWIFT_VERSION = 5.0;
				TARGETED_DEVICE_FAMILY = 1;
			};
			name = Debug;
		};
		5256B4682A34BC9600CB1927 /* Release */ = {
			isa = XCBuildConfiguration;
			buildSettings = {
				ASSETCATALOG_COMPILER_APPICON_NAME = AppIcon;
				ASSETCATALOG_COMPILER_GLOBAL_ACCENT_COLOR_NAME = AccentColor;
				CODE_SIGN_STYLE = Automatic;
				CURRENT_PROJECT_VERSION = 1;
				DEVELOPMENT_TEAM = M84T2Z2B4Q;
				GENERATE_INFOPLIST_FILE = YES;
				INFOPLIST_FILE = OmerTranslateApp/Info.plist;
				INFOPLIST_KEY_UIApplicationSupportsIndirectInputEvents = YES;
				INFOPLIST_KEY_UILaunchStoryboardName = LaunchScreen;
				INFOPLIST_KEY_UIMainStoryboardFile = Main;
				INFOPLIST_KEY_UISupportedInterfaceOrientations_iPad = "UIInterfaceOrientationPortrait UIInterfaceOrientationPortraitUpsideDown UIInterfaceOrientationLandscapeLeft UIInterfaceOrientationLandscapeRight";
				INFOPLIST_KEY_UISupportedInterfaceOrientations_iPhone = "UIInterfaceOrientationPortrait UIInterfaceOrientationLandscapeLeft UIInterfaceOrientationLandscapeRight";
				IPHONEOS_DEPLOYMENT_TARGET = 15.0;
				LD_RUNPATH_SEARCH_PATHS = (
					"$(inherited)",
					"@executable_path/Frameworks",
				);
				MARKETING_VERSION = 1.0;
				PRODUCT_BUNDLE_IDENTIFIER = com.omernayir.OmerTranslateApp;
				PRODUCT_NAME = "$(TARGET_NAME)";
				SUPPORTED_PLATFORMS = "iphoneos iphonesimulator";
				SUPPORTS_MACCATALYST = NO;
				SUPPORTS_MAC_DESIGNED_FOR_IPHONE_IPAD = NO;
				SWIFT_EMIT_LOC_STRINGS = YES;
				SWIFT_VERSION = 5.0;
				TARGETED_DEVICE_FAMILY = 1;
			};
			name = Release;
		};
/* End XCBuildConfiguration section */

/* Begin XCConfigurationList section */
		5256B44D2A34BC9500CB1927 /* Build configuration list for PBXProject "OmerTranslateApp" */ = {
			isa = XCConfigurationList;
			buildConfigurations = (
				5256B4642A34BC9600CB1927 /* Debug */,
				5256B4652A34BC9600CB1927 /* Release */,
			);
			defaultConfigurationIsVisible = 0;
			defaultConfigurationName = Release;
		};
		5256B4662A34BC9600CB1927 /* Build configuration list for PBXNativeTarget "OmerTranslateApp" */ = {
			isa = XCConfigurationList;
			buildConfigurations = (
				5256B4672A34BC9600CB1927 /* Debug */,
				5256B4682A34BC9600CB1927 /* Release */,
			);
			defaultConfigurationIsVisible = 0;
			defaultConfigurationName = Release;
		};
/* End XCConfigurationList section */

/* Begin XCRemoteSwiftPackageReference section */
		520497A22A371F4100F6E110 /* XCRemoteSwiftPackageReference "MessageKit" */ = {
			isa = XCRemoteSwiftPackageReference;
			repositoryURL = "https://github.com/MessageKit/MessageKit";
			requirement = {
				kind = upToNextMajorVersion;
				minimumVersion = 4.0.0;
			};
		};
		5256B4692A34BD0400CB1927 /* XCRemoteSwiftPackageReference "SnapKit" */ = {
			isa = XCRemoteSwiftPackageReference;
			repositoryURL = "https://github.com/SnapKit/SnapKit.git";
			requirement = {
				kind = upToNextMajorVersion;
				minimumVersion = 5.0.0;
			};
		};
/* End XCRemoteSwiftPackageReference section */

/* Begin XCSwiftPackageProductDependency section */
		520497A32A371F4100F6E110 /* MessageKit */ = {
			isa = XCSwiftPackageProductDependency;
			package = 520497A22A371F4100F6E110 /* XCRemoteSwiftPackageReference "MessageKit" */;
			productName = MessageKit;
		};
		5256B46A2A34BD0400CB1927 /* SnapKit */ = {
			isa = XCSwiftPackageProductDependency;
			package = 5256B4692A34BD0400CB1927 /* XCRemoteSwiftPackageReference "SnapKit" */;
			productName = SnapKit;
		};
/* End XCSwiftPackageProductDependency section */
	};
	rootObject = 5256B44A2A34BC9500CB1927 /* Project object */;
}
